
Microsoft Visual Studio Solution File, Format Version 12.00
# Visual Studio Version 16
VisualStudioVersion = 16.0.30225.117
MinimumVisualStudioVersion = 10.0.40219.1
Project("{E24C65DC-7377-472B-9ABA-BC803B73C61A}") = "Rock-Paper-Scissors", ".", "{076BE92E-E551-4A11-9300-25D28F72B809}"
	ProjectSection(WebsiteProperties) = preProject
		TargetFrameworkMoniker = ".NETFramework,Version%3Dv4.0"
		Debug.AspNetCompiler.VirtualPath = "/localhost_56931"
		Debug.AspNetCompiler.PhysicalPath = "..\Rock-Paper-Scissors\"
		Debug.AspNetCompiler.TargetPath = "PrecompiledWeb\localhost_56931\"
		Debug.AspNetCompiler.Updateable = "true"
		Debug.AspNetCompiler.ForceOverwrite = "true"
		Debug.AspNetCompiler.FixedNames = "false"
		Debug.AspNetCompiler.Debug = "True"
		Release.AspNetCompiler.VirtualPath = "/localhost_56931"
		Release.AspNetCompiler.PhysicalPath = "..\Rock-Paper-Scissors\"
		Release.AspNetCompiler.TargetPath = "PrecompiledWeb\localhost_56931\"
		Release.AspNetCompiler.Updateable = "true"
		Release.AspNetCompiler.ForceOverwrite = "true"
		Release.AspNetCompiler.FixedNames = "false"
		Release.AspNetCompiler.Debug = "False"
		VWDPort = "56931"
		SlnRelativePath = "..\Rock-Paper-Scissors\"
	EndProjectSection
EndProject
Global
	GlobalSection(SolutionConfigurationPlatforms) = preSolution
		Debug|Any CPU = Debug|Any CPU
	EndGlobalSection
	GlobalSection(ProjectConfigurationPlatforms) = postSolution
		{076BE92E-E551-4A11-9300-25D28F72B809}.Debug|Any CPU.ActiveCfg = Debug|Any CPU
		{076BE92E-E551-4A11-9300-25D28F72B809}.Debug|Any CPU.Build.0 = Debug|Any CPU
	EndGlobalSection
	GlobalSection(SolutionProperties) = preSolution
		HideSolutionNode = FALSE
	EndGlobalSection
	GlobalSection(ExtensibilityGlobals) = postSolution
		SolutionGuid = {76840295-68A2-4C8F-B50D-898C71839FD8}
	EndGlobalSection
EndGlobal
